
Microsoft Visual Studio Solution File, Format Version 12.00
# Visual Studio 15
VisualStudioVersion = 15.0.26430.13
MinimumVisualStudioVersion = 10.0.40219.1
Project("{FAE04EC0-301F-11D3-BF4B-00C04F79EFBC}") = "GPS.Android", "GPS\GPS.Android\GPS.Android.csproj", "{258B817C-968C-4B4B-88CD-4F5B05A98413}"
EndProject
Project("{FAE04EC0-301F-11D3-BF4B-00C04F79EFBC}") = "GPS", "GPS\GPS\GPS.csproj", "{10510357-991E-4070-891A-3DE74CE34A2A}"
EndProject
Project("{FAE04EC0-301F-11D3-BF4B-00C04F79EFBC}") = "GPS.UWP", "GPS\GPS.UWP\GPS.UWP.csproj", "{43461E05-B1C6-42CA-A283-DBF6F75D2C55}"
EndProject
Project("{FAE04EC0-301F-11D3-BF4B-00C04F79EFBC}") = "GPS.iOS", "GPS\GPS.iOS\GPS.iOS.csproj", "{6EBFDDFD-4A46-4637-AAD5-CB4968E94A78}"
EndProject
Global
	GlobalSection(SolutionConfigurationPlatforms) = preSolution
		Ad-Hoc|Any CPU = Ad-Hoc|Any CPU
		Ad-Hoc|ARM = Ad-Hoc|ARM
		Ad-Hoc|iPhone = Ad-Hoc|iPhone
		Ad-Hoc|iPhoneSimulator = Ad-Hoc|iPhoneSimulator
		Ad-Hoc|x64 = Ad-Hoc|x64
		Ad-Hoc|x86 = Ad-Hoc|x86
		AppStore|Any CPU = AppStore|Any CPU
		AppStore|ARM = AppStore|ARM
		AppStore|iPhone = AppStore|iPhone
		AppStore|iPhoneSimulator = AppStore|iPhoneSimulator
		AppStore|x64 = AppStore|x64
		AppStore|x86 = AppStore|x86
		Debug|Any CPU = Debug|Any CPU
		Debug|ARM = Debug|ARM
		Debug|iPhone = Debug|iPhone
		Debug|iPhoneSimulator = Debug|iPhoneSimulator
		Debug|x64 = Debug|x64
		Debug|x86 = Debug|x86
		Release|Any CPU = Release|Any CPU
		Release|ARM = Release|ARM
		Release|iPhone = Release|iPhone
		Release|iPhoneSimulator = Release|iPhoneSimulator
		Release|x64 = Release|x64
		Release|x86 = Release|x86
	EndGlobalSection
	GlobalSection(ProjectConfigurationPlatforms) = postSolution
		{258B817C-968C-4B4B-88CD-4F5B05A98413}.Ad-Hoc|Any CPU.ActiveCfg = Release|Any CPU
		{258B817C-968C-4B4B-88CD-4F5B05A98413}.Ad-Hoc|Any CPU.Build.0 = Release|Any CPU
		{258B817C-968C-4B4B-88CD-4F5B05A98413}.Ad-Hoc|Any CPU.Deploy.0 = Release|Any CPU
		{258B817C-968C-4B4B-88CD-4F5B05A98413}.Ad-Hoc|ARM.ActiveCfg = Release|Any CPU
		{258B817C-968C-4B4B-88CD-4F5B05A98413}.Ad-Hoc|ARM.Build.0 = Release|Any CPU
		{258B817C-968C-4B4B-88CD-4F5B05A98413}.Ad-Hoc|ARM.Deploy.0 = Release|Any CPU
		{258B817C-968C-4B4B-88CD-4F5B05A98413}.Ad-Hoc|iPhone.ActiveCfg = Release|Any CPU
		{258B817C-968C-4B4B-88CD-4F5B05A98413}.Ad-Hoc|iPhone.Build.0 = Release|Any CPU
		{258B817C-968C-4B4B-88CD-4F5B05A98413}.Ad-Hoc|iPhone.Deploy.0 = Release|Any CPU
		{258B817C-968C-4B4B-88CD-4F5B05A98413}.Ad-Hoc|iPhoneSimulator.ActiveCfg = Release|Any CPU
		{258B817C-968C-4B4B-88CD-4F5B05A98413}.Ad-Hoc|iPhoneSimulator.Build.0 = Release|Any CPU
		{258B817C-968C-4B4B-88CD-4F5B05A98413}.Ad-Hoc|iPhoneSimulator.Deploy.0 = Release|Any CPU
		{258B817C-968C-4B4B-88CD-4F5B05A98413}.Ad-Hoc|x64.ActiveCfg = Release|Any CPU
		{258B817C-968C-4B4B-88CD-4F5B05A98413}.Ad-Hoc|x64.Build.0 = Release|Any CPU
		{258B817C-968C-4B4B-88CD-4F5B05A98413}.Ad-Hoc|x64.Deploy.0 = Release|Any CPU
		{258B817C-968C-4B4B-88CD-4F5B05A98413}.Ad-Hoc|x86.ActiveCfg = Release|Any CPU
		{258B817C-968C-4B4B-88CD-4F5B05A98413}.Ad-Hoc|x86.Build.0 = Release|Any CPU
		{258B817C-968C-4B4B-88CD-4F5B05A98413}.Ad-Hoc|x86.Deploy.0 = Release|Any CPU
		{258B817C-968C-4B4B-88CD-4F5B05A98413}.AppStore|Any CPU.ActiveCfg = Release|Any CPU
		{258B817C-968C-4B4B-88CD-4F5B05A98413}.AppStore|Any CPU.Build.0 = Release|Any CPU
		{258B817C-968C-4B4B-88CD-4F5B05A98413}.AppStore|Any CPU.Deploy.0 = Release|Any CPU
		{258B817C-968C-4B4B-88CD-4F5B05A98413}.AppStore|ARM.ActiveCfg = Release|Any CPU
		{258B817C-968C-4B4B-88CD-4F5B05A98413}.AppStore|ARM.Build.0 = Release|Any CPU
		{258B817C-968C-4B4B-88CD-4F5B05A98413}.AppStore|ARM.Deploy.0 = Release|Any CPU
		{258B817C-968C-4B4B-88CD-4F5B05A98413}.AppStore|iPhone.ActiveCfg = Release|Any CPU
		{258B817C-968C-4B4B-88CD-4F5B05A98413}.AppStore|iPhone.Build.0 = Release|Any CPU
		{258B817C-968C-4B4B-88CD-4F5B05A98413}.AppStore|iPhone.Deploy.0 = Release|Any CPU
		{258B817C-968C-4B4B-88CD-4F5B05A98413}.AppStore|iPhoneSimulator.ActiveCfg = Release|Any CPU
		{258B817C-968C-4B4B-88CD-4F5B05A98413}.AppStore|iPhoneSimulator.Build.0 = Release|Any CPU
		{258B817C-968C-4B4B-88CD-4F5B05A98413}.AppStore|iPhoneSimulator.Deploy.0 = Release|Any CPU
		{258B817C-968C-4B4B-88CD-4F5B05A98413}.AppStore|x64.ActiveCfg = Release|Any CPU
		{258B817C-968C-4B4B-88CD-4F5B05A98413}.AppStore|x64.Build.0 = Release|Any CPU
		{258B817C-968C-4B4B-88CD-4F5B05A98413}.AppStore|x64.Deploy.0 = Release|Any CPU
		{258B817C-968C-4B4B-88CD-4F5B05A98413}.AppStore|x86.ActiveCfg = Release|Any CPU
		{258B817C-968C-4B4B-88CD-4F5B05A98413}.AppStore|x86.Build.0 = Release|Any CPU
		{258B817C-968C-4B4B-88CD-4F5B05A98413}.AppStore|x86.Deploy.0 = Release|Any CPU
		{258B817C-968C-4B4B-88CD-4F5B05A98413}.Debug|Any CPU.ActiveCfg = Debug|Any CPU
		{258B817C-968C-4B4B-88CD-4F5B05A98413}.Debug|Any CPU.Build.0 = Debug|Any CPU
		{258B817C-968C-4B4B-88CD-4F5B05A98413}.Debug|Any CPU.Deploy.0 = Debug|Any CPU
		{258B817C-968C-4B4B-88CD-4F5B05A98413}.Debug|ARM.ActiveCfg = Debug|Any CPU
		{258B817C-968C-4B4B-88CD-4F5B05A98413}.Debug|ARM.Build.0 = Debug|Any CPU
		{258B817C-968C-4B4B-88CD-4F5B05A98413}.Debug|ARM.Deploy.0 = Debug|Any CPU
		{258B817C-968C-4B4B-88CD-4F5B05A98413}.Debug|iPhone.ActiveCfg = Debug|Any CPU
		{258B817C-968C-4B4B-88CD-4F5B05A98413}.Debug|iPhone.Build.0 = Debug|Any CPU
		{258B817C-968C-4B4B-88CD-4F5B05A98413}.Debug|iPhone.Deploy.0 = Debug|Any CPU
		{258B817C-968C-4B4B-88CD-4F5B05A98413}.Debug|iPhoneSimulator.ActiveCfg = Debug|Any CPU
		{258B817C-968C-4B4B-88CD-4F5B05A98413}.Debug|iPhoneSimulator.Build.0 = Debug|Any CPU
		{258B817C-968C-4B4B-88CD-4F5B05A98413}.Debug|iPhoneSimulator.Deploy.0 = Debug|Any CPU
		{258B817C-968C-4B4B-88CD-4F5B05A98413}.Debug|x64.ActiveCfg = Debug|Any CPU
		{258B817C-968C-4B4B-88CD-4F5B05A98413}.Debug|x64.Build.0 = Debug|Any CPU
		{258B817C-968C-4B4B-88CD-4F5B05A98413}.Debug|x64.Deploy.0 = Debug|Any CPU
		{258B817C-968C-4B4B-88CD-4F5B05A98413}.Debug|x86.ActiveCfg = Debug|Any CPU
		{258B817C-968C-4B4B-88CD-4F5B05A98413}.Debug|x86.Build.0 = Debug|Any CPU
		{258B817C-968C-4B4B-88CD-4F5B05A98413}.Debug|x86.Deploy.0 = Debug|Any CPU
		{258B817C-968C-4B4B-88CD-4F5B05A98413}.Release|Any CPU.ActiveCfg = Release|Any CPU
		{258B817C-968C-4B4B-88CD-4F5B05A98413}.Release|Any CPU.Build.0 = Release|Any CPU
		{258B817C-968C-4B4B-88CD-4F5B05A98413}.Release|Any CPU.Deploy.0 = Release|Any CPU
		{258B817C-968C-4B4B-88CD-4F5B05A98413}.Release|ARM.ActiveCfg = Release|Any CPU
		{258B817C-968C-4B4B-88CD-4F5B05A98413}.Release|ARM.Build.0 = Release|Any CPU
		{258B817C-968C-4B4B-88CD-4F5B05A98413}.Release|ARM.Deploy.0 = Release|Any CPU
		{258B817C-968C-4B4B-88CD-4F5B05A98413}.Release|iPhone.ActiveCfg = Release|Any CPU
		{258B817C-968C-4B4B-88CD-4F5B05A98413}.Release|iPhone.Build.0 = Release|Any CPU
		{258B817C-968C-4B4B-88CD-4F5B05A98413}.Release|iPhone.Deploy.0 = Release|Any CPU
		{258B817C-968C-4B4B-88CD-4F5B05A98413}.Release|iPhoneSimulator.ActiveCfg = Release|Any CPU
		{258B817C-968C-4B4B-88CD-4F5B05A98413}.Release|iPhoneSimulator.Build.0 = Release|Any CPU
		{258B817C-968C-4B4B-88CD-4F5B05A98413}.Release|iPhoneSimulator.Deploy.0 = Release|Any CPU
		{258B817C-968C-4B4B-88CD-4F5B05A98413}.Release|x64.ActiveCfg = Release|Any CPU
		{258B817C-968C-4B4B-88CD-4F5B05A98413}.Release|x64.Build.0 = Release|Any CPU
		{258B817C-968C-4B4B-88CD-4F5B05A98413}.Release|x64.Deploy.0 = Release|Any CPU
		{258B817C-968C-4B4B-88CD-4F5B05A98413}.Release|x86.ActiveCfg = Release|Any CPU
		{258B817C-968C-4B4B-88CD-4F5B05A98413}.Release|x86.Build.0 = Release|Any CPU
		{258B817C-968C-4B4B-88CD-4F5B05A98413}.Release|x86.Deploy.0 = Release|Any CPU
		{10510357-991E-4070-891A-3DE74CE34A2A}.Ad-Hoc|Any CPU.ActiveCfg = Release|Any CPU
		{10510357-991E-4070-891A-3DE74CE34A2A}.Ad-Hoc|Any CPU.Build.0 = Release|Any CPU
		{10510357-991E-4070-891A-3DE74CE34A2A}.Ad-Hoc|ARM.ActiveCfg = Release|Any CPU
		{10510357-991E-4070-891A-3DE74CE34A2A}.Ad-Hoc|ARM.Build.0 = Release|Any CPU
		{10510357-991E-4070-891A-3DE74CE34A2A}.Ad-Hoc|iPhone.ActiveCfg = Release|Any CPU
		{10510357-991E-4070-891A-3DE74CE34A2A}.Ad-Hoc|iPhone.Build.0 = Release|Any CPU
		{10510357-991E-4070-891A-3DE74CE34A2A}.Ad-Hoc|iPhoneSimulator.ActiveCfg = Release|Any CPU
		{10510357-991E-4070-891A-3DE74CE34A2A}.Ad-Hoc|iPhoneSimulator.Build.0 = Release|Any CPU
		{10510357-991E-4070-891A-3DE74CE34A2A}.Ad-Hoc|x64.ActiveCfg = Release|Any CPU
		{10510357-991E-4070-891A-3DE74CE34A2A}.Ad-Hoc|x64.Build.0 = Release|Any CPU
		{10510357-991E-4070-891A-3DE74CE34A2A}.Ad-Hoc|x86.ActiveCfg = Release|Any CPU
		{10510357-991E-4070-891A-3DE74CE34A2A}.Ad-Hoc|x86.Build.0 = Release|Any CPU
		{10510357-991E-4070-891A-3DE74CE34A2A}.AppStore|Any CPU.ActiveCfg = Release|Any CPU
		{10510357-991E-4070-891A-3DE74CE34A2A}.AppStore|Any CPU.Build.0 = Release|Any CPU
		{10510357-991E-4070-891A-3DE74CE34A2A}.AppStore|ARM.ActiveCfg = Release|Any CPU
		{10510357-991E-4070-891A-3DE74CE34A2A}.AppStore|ARM.Build.0 = Release|Any CPU
		{10510357-991E-4070-891A-3DE74CE34A2A}.AppStore|iPhone.ActiveCfg = Release|Any CPU
		{10510357-991E-4070-891A-3DE74CE34A2A}.AppStore|iPhone.Build.0 = Release|Any CPU
		{10510357-991E-4070-891A-3DE74CE34A2A}.AppStore|iPhoneSimulator.ActiveCfg = Release|Any CPU
		{10510357-991E-4070-891A-3DE74CE34A2A}.AppStore|iPhoneSimulator.Build.0 = Release|Any CPU
		{10510357-991E-4070-891A-3DE74CE34A2A}.AppStore|x64.ActiveCfg = Release|Any CPU
		{10510357-991E-4070-891A-3DE74CE34A2A}.AppStore|x64.Build.0 = Release|Any CPU
		{10510357-991E-4070-891A-3DE74CE34A2A}.AppStore|x86.ActiveCfg = Release|Any CPU
		{10510357-991E-4070-891A-3DE74CE34A2A}.AppStore|x86.Build.0 = Release|Any CPU
		{10510357-991E-4070-891A-3DE74CE34A2A}.Debug|Any CPU.ActiveCfg = Debug|Any CPU
		{10510357-991E-4070-891A-3DE74CE34A2A}.Debug|Any CPU.Build.0 = Debug|Any CPU
		{10510357-991E-4070-891A-3DE74CE34A2A}.Debug|ARM.ActiveCfg = Debug|Any CPU
		{10510357-991E-4070-891A-3DE74CE34A2A}.Debug|ARM.Build.0 = Debug|Any CPU
		{10510357-991E-4070-891A-3DE74CE34A2A}.Debug|iPhone.ActiveCfg = Debug|Any CPU
		{10510357-991E-4070-891A-3DE74CE34A2A}.Debug|iPhone.Build.0 = Debug|Any CPU
		{10510357-991E-4070-891A-3DE74CE34A2A}.Debug|iPhoneSimulator.ActiveCfg = Debug|Any CPU
		{10510357-991E-4070-891A-3DE74CE34A2A}.Debug|iPhoneSimulator.Build.0 = Debug|Any CPU
		{10510357-991E-4070-891A-3DE74CE34A2A}.Debug|x64.ActiveCfg = Debug|Any CPU
		{10510357-991E-4070-891A-3DE74CE34A2A}.Debug|x64.Build.0 = Debug|Any CPU
		{10510357-991E-4070-891A-3DE74CE34A2A}.Debug|x86.ActiveCfg = Debug|Any CPU
		{10510357-991E-4070-891A-3DE74CE34A2A}.Debug|x86.Build.0 = Debug|Any CPU
		{10510357-991E-4070-891A-3DE74CE34A2A}.Release|Any CPU.ActiveCfg = Release|Any CPU
		{10510357-991E-4070-891A-3DE74CE34A2A}.Release|Any CPU.Build.0 = Release|Any CPU
		{10510357-991E-4070-891A-3DE74CE34A2A}.Release|ARM.ActiveCfg = Release|Any CPU
		{10510357-991E-4070-891A-3DE74CE34A2A}.Release|ARM.Build.0 = Release|Any CPU
		{10510357-991E-4070-891A-3DE74CE34A2A}.Release|iPhone.ActiveCfg = Release|Any CPU
		{10510357-991E-4070-891A-3DE74CE34A2A}.Release|iPhone.Build.0 = Release|Any CPU
		{10510357-991E-4070-891A-3DE74CE34A2A}.Release|iPhoneSimulator.ActiveCfg = Release|Any CPU
		{10510357-991E-4070-891A-3DE74CE34A2A}.Release|iPhoneSimulator.Build.0 = Release|Any CPU
		{10510357-991E-4070-891A-3DE74CE34A2A}.Release|x64.ActiveCfg = Release|Any CPU
		{10510357-991E-4070-891A-3DE74CE34A2A}.Release|x64.Build.0 = Release|Any CPU
		{10510357-991E-4070-891A-3DE74CE34A2A}.Release|x86.ActiveCfg = Release|Any CPU
		{10510357-991E-4070-891A-3DE74CE34A2A}.Release|x86.Build.0 = Release|Any CPU
		{43461E05-B1C6-42CA-A283-DBF6F75D2C55}.Ad-Hoc|Any CPU.ActiveCfg = Release|x86
		{43461E05-B1C6-42CA-A283-DBF6F75D2C55}.Ad-Hoc|Any CPU.Build.0 = Release|x86
		{43461E05-B1C6-42CA-A283-DBF6F75D2C55}.Ad-Hoc|Any CPU.Deploy.0 = Release|x86
		{43461E05-B1C6-42CA-A283-DBF6F75D2C55}.Ad-Hoc|ARM.ActiveCfg = Release|ARM
		{43461E05-B1C6-42CA-A283-DBF6F75D2C55}.Ad-Hoc|ARM.Build.0 = Release|ARM
		{43461E05-B1C6-42CA-A283-DBF6F75D2C55}.Ad-Hoc|ARM.Deploy.0 = Release|ARM
		{43461E05-B1C6-42CA-A283-DBF6F75D2C55}.Ad-Hoc|iPhone.ActiveCfg = Release|x86
		{43461E05-B1C6-42CA-A283-DBF6F75D2C55}.Ad-Hoc|iPhone.Build.0 = Release|x86
		{43461E05-B1C6-42CA-A283-DBF6F75D2C55}.Ad-Hoc|iPhone.Deploy.0 = Release|x86
		{43461E05-B1C6-42CA-A283-DBF6F75D2C55}.Ad-Hoc|iPhoneSimulator.ActiveCfg = Release|x86
		{43461E05-B1C6-42CA-A283-DBF6F75D2C55}.Ad-Hoc|iPhoneSimulator.Build.0 = Release|x86
		{43461E05-B1C6-42CA-A283-DBF6F75D2C55}.Ad-Hoc|iPhoneSimulator.Deploy.0 = Release|x86
		{43461E05-B1C6-42CA-A283-DBF6F75D2C55}.Ad-Hoc|x64.ActiveCfg = Release|x64
		{43461E05-B1C6-42CA-A283-DBF6F75D2C55}.Ad-Hoc|x64.Build.0 = Release|x64
		{43461E05-B1C6-42CA-A283-DBF6F75D2C55}.Ad-Hoc|x64.Deploy.0 = Release|x64
		{43461E05-B1C6-42CA-A283-DBF6F75D2C55}.Ad-Hoc|x86.ActiveCfg = Release|x86
		{43461E05-B1C6-42CA-A283-DBF6F75D2C55}.Ad-Hoc|x86.Build.0 = Release|x86
		{43461E05-B1C6-42CA-A283-DBF6F75D2C55}.Ad-Hoc|x86.Deploy.0 = Release|x86
		{43461E05-B1C6-42CA-A283-DBF6F75D2C55}.AppStore|Any CPU.ActiveCfg = Release|x86
		{43461E05-B1C6-42CA-A283-DBF6F75D2C55}.AppStore|Any CPU.Build.0 = Release|x86
		{43461E05-B1C6-42CA-A283-DBF6F75D2C55}.AppStore|Any CPU.Deploy.0 = Release|x86
		{43461E05-B1C6-42CA-A283-DBF6F75D2C55}.AppStore|ARM.ActiveCfg = Release|ARM
		{43461E05-B1C6-42CA-A283-DBF6F75D2C55}.AppStore|ARM.Build.0 = Release|ARM
		{43461E05-B1C6-42CA-A283-DBF6F75D2C55}.AppStore|ARM.Deploy.0 = Release|ARM
		{43461E05-B1C6-42CA-A283-DBF6F75D2C55}.AppStore|iPhone.ActiveCfg = Release|x86
		{43461E05-B1C6-42CA-A283-DBF6F75D2C55}.AppStore|iPhone.Build.0 = Release|x86
		{43461E05-B1C6-42CA-A283-DBF6F75D2C55}.AppStore|iPhone.Deploy.0 = Release|x86
		{43461E05-B1C6-42CA-A283-DBF6F75D2C55}.AppStore|iPhoneSimulator.ActiveCfg = Release|x86
		{43461E05-B1C6-42CA-A283-DBF6F75D2C55}.AppStore|iPhoneSimulator.Build.0 = Release|x86
		{43461E05-B1C6-42CA-A283-DBF6F75D2C55}.AppStore|iPhoneSimulator.Deploy.0 = Release|x86
		{43461E05-B1C6-42CA-A283-DBF6F75D2C55}.AppStore|x64.ActiveCfg = Release|x64
		{43461E05-B1C6-42CA-A283-DBF6F75D2C55}.AppStore|x64.Build.0 = Release|x64
		{43461E05-B1C6-42CA-A283-DBF6F75D2C55}.AppStore|x64.Deploy.0 = Release|x64
		{43461E05-B1C6-42CA-A283-DBF6F75D2C55}.AppStore|x86.ActiveCfg = Release|x86
		{43461E05-B1C6-42CA-A283-DBF6F75D2C55}.AppStore|x86.Build.0 = Release|x86
		{43461E05-B1C6-42CA-A283-DBF6F75D2C55}.AppStore|x86.Deploy.0 = Release|x86
		{43461E05-B1C6-42CA-A283-DBF6F75D2C55}.Debug|Any CPU.ActiveCfg = Debug|x86
		{43461E05-B1C6-42CA-A283-DBF6F75D2C55}.Debug|ARM.ActiveCfg = Debug|ARM
		{43461E05-B1C6-42CA-A283-DBF6F75D2C55}.Debug|ARM.Build.0 = Debug|ARM
		{43461E05-B1C6-42CA-A283-DBF6F75D2C55}.Debug|ARM.Deploy.0 = Debug|ARM
		{43461E05-B1C6-42CA-A283-DBF6F75D2C55}.Debug|iPhone.ActiveCfg = Debug|x86
		{43461E05-B1C6-42CA-A283-DBF6F75D2C55}.Debug|iPhoneSimulator.ActiveCfg = Debug|x86
		{43461E05-B1C6-42CA-A283-DBF6F75D2C55}.Debug|x64.ActiveCfg = Debug|x64
		{43461E05-B1C6-42CA-A283-DBF6F75D2C55}.Debug|x64.Build.0 = Debug|x64
		{43461E05-B1C6-42CA-A283-DBF6F75D2C55}.Debug|x64.Deploy.0 = Debug|x64
		{43461E05-B1C6-42CA-A283-DBF6F75D2C55}.Debug|x86.ActiveCfg = Debug|x86
		{43461E05-B1C6-42CA-A283-DBF6F75D2C55}.Debug|x86.Build.0 = Debug|x86
		{43461E05-B1C6-42CA-A283-DBF6F75D2C55}.Debug|x86.Deploy.0 = Debug|x86
		{43461E05-B1C6-42CA-A283-DBF6F75D2C55}.Release|Any CPU.ActiveCfg = Release|x86
		{43461E05-B1C6-42CA-A283-DBF6F75D2C55}.Release|ARM.ActiveCfg = Release|ARM
		{43461E05-B1C6-42CA-A283-DBF6F75D2C55}.Release|ARM.Build.0 = Release|ARM
		{43461E05-B1C6-42CA-A283-DBF6F75D2C55}.Release|ARM.Deploy.0 = Release|ARM
		{43461E05-B1C6-42CA-A283-DBF6F75D2C55}.Release|iPhone.ActiveCfg = Release|x86
		{43461E05-B1C6-42CA-A283-DBF6F75D2C55}.Release|iPhoneSimulator.ActiveCfg = Release|x86
		{43461E05-B1C6-42CA-A283-DBF6F75D2C55}.Release|x64.ActiveCfg = Release|x64
		{43461E05-B1C6-42CA-A283-DBF6F75D2C55}.Release|x64.Build.0 = Release|x64
		{43461E05-B1C6-42CA-A283-DBF6F75D2C55}.Release|x64.Deploy.0 = Release|x64
		{43461E05-B1C6-42CA-A283-DBF6F75D2C55}.Release|x86.ActiveCfg = Release|x86
		{43461E05-B1C6-42CA-A283-DBF6F75D2C55}.Release|x86.Build.0 = Release|x86
		{43461E05-B1C6-42CA-A283-DBF6F75D2C55}.Release|x86.Deploy.0 = Release|x86
		{6EBFDDFD-4A46-4637-AAD5-CB4968E94A78}.Ad-Hoc|Any CPU.ActiveCfg = Ad-Hoc|iPhone
		{6EBFDDFD-4A46-4637-AAD5-CB4968E94A78}.Ad-Hoc|ARM.ActiveCfg = Ad-Hoc|iPhone
		{6EBFDDFD-4A46-4637-AAD5-CB4968E94A78}.Ad-Hoc|iPhone.ActiveCfg = Ad-Hoc|iPhone
		{6EBFDDFD-4A46-4637-AAD5-CB4968E94A78}.Ad-Hoc|iPhone.Build.0 = Ad-Hoc|iPhone
		{6EBFDDFD-4A46-4637-AAD5-CB4968E94A78}.Ad-Hoc|iPhoneSimulator.ActiveCfg = Ad-Hoc|iPhoneSimulator
		{6EBFDDFD-4A46-4637-AAD5-CB4968E94A78}.Ad-Hoc|iPhoneSimulator.Build.0 = Ad-Hoc|iPhoneSimulator
		{6EBFDDFD-4A46-4637-AAD5-CB4968E94A78}.Ad-Hoc|x64.ActiveCfg = Ad-Hoc|iPhone
		{6EBFDDFD-4A46-4637-AAD5-CB4968E94A78}.Ad-Hoc|x86.ActiveCfg = Ad-Hoc|iPhone
		{6EBFDDFD-4A46-4637-AAD5-CB4968E94A78}.AppStore|Any CPU.ActiveCfg = AppStore|iPhone
		{6EBFDDFD-4A46-4637-AAD5-CB4968E94A78}.AppStore|ARM.ActiveCfg = AppStore|iPhone
		{6EBFDDFD-4A46-4637-AAD5-CB4968E94A78}.AppStore|iPhone.ActiveCfg = AppStore|iPhone
		{6EBFDDFD-4A46-4637-AAD5-CB4968E94A78}.AppStore|iPhone.Build.0 = AppStore|iPhone
		{6EBFDDFD-4A46-4637-AAD5-CB4968E94A78}.AppStore|iPhoneSimulator.ActiveCfg = AppStore|iPhoneSimulator
		{6EBFDDFD-4A46-4637-AAD5-CB4968E94A78}.AppStore|iPhoneSimulator.Build.0 = AppStore|iPhoneSimulator
		{6EBFDDFD-4A46-4637-AAD5-CB4968E94A78}.AppStore|x64.ActiveCfg = AppStore|iPhone
		{6EBFDDFD-4A46-4637-AAD5-CB4968E94A78}.AppStore|x86.ActiveCfg = AppStore|iPhone
		{6EBFDDFD-4A46-4637-AAD5-CB4968E94A78}.Debug|Any CPU.ActiveCfg = Debug|iPhone
		{6EBFDDFD-4A46-4637-AAD5-CB4968E94A78}.Debug|ARM.ActiveCfg = Debug|iPhone
		{6EBFDDFD-4A46-4637-AAD5-CB4968E94A78}.Debug|iPhone.ActiveCfg = Debug|iPhone
		{6EBFDDFD-4A46-4637-AAD5-CB4968E94A78}.Debug|iPhone.Build.0 = Debug|iPhone
		{6EBFDDFD-4A46-4637-AAD5-CB4968E94A78}.Debug|iPhoneSimulator.ActiveCfg = Debug|iPhoneSimulator
		{6EBFDDFD-4A46-4637-AAD5-CB4968E94A78}.Debug|iPhoneSimulator.Build.0 = Debug|iPhoneSimulator
		{6EBFDDFD-4A46-4637-AAD5-CB4968E94A78}.Debug|x64.ActiveCfg = Debug|iPhone
		{6EBFDDFD-4A46-4637-AAD5-CB4968E94A78}.Debug|x86.ActiveCfg = Debug|iPhone
		{6EBFDDFD-4A46-4637-AAD5-CB4968E94A78}.Release|Any CPU.ActiveCfg = Release|iPhone
		{6EBFDDFD-4A46-4637-AAD5-CB4968E94A78}.Release|ARM.ActiveCfg = Release|iPhone
		{6EBFDDFD-4A46-4637-AAD5-CB4968E94A78}.Release|iPhone.ActiveCfg = Release|iPhone
		{6EBFDDFD-4A46-4637-AAD5-CB4968E94A78}.Release|iPhone.Build.0 = Release|iPhone
		{6EBFDDFD-4A46-4637-AAD5-CB4968E94A78}.Release|iPhoneSimulator.ActiveCfg = Release|iPhoneSimulator
		{6EBFDDFD-4A46-4637-AAD5-CB4968E94A78}.Release|iPhoneSimulator.Build.0 = Release|iPhoneSimulator
		{6EBFDDFD-4A46-4637-AAD5-CB4968E94A78}.Release|x64.ActiveCfg = Release|iPhone
		{6EBFDDFD-4A46-4637-AAD5-CB4968E94A78}.Release|x86.ActiveCfg = Release|iPhone
	EndGlobalSection
	GlobalSection(SolutionProperties) = preSolution
		HideSolutionNode = FALSE
	EndGlobalSection
EndGlobal
